
Microsoft Visual Studio Solution File, Format Version 10.00
# Visual Studio 2008
Project("{FAE04EC0-301F-11D3-BF4B-00C04F79EFBC}") = "YA12306", "YA12306\YA12306.csproj", "{3793BE85-552F-4D08-B54B-99C7A02E5CE5}"
EndProject
Project("{FAE04EC0-301F-11D3-BF4B-00C04F79EFBC}") = "YA12306Test", "YA12306Test\YA12306Test.csproj", "{EFF416D3-0A96-4D81-8547-EDB439583599}"
EndProject
Project("{2150E333-8FDC-42A3-9474-1A3956D46DE8}") = "Solution Items", "Solution Items", "{EA2AA37B-85D5-4058-B56E-2F940CF12AA8}"
	ProjectSection(SolutionItems) = preProject
		DesperateChinese.vsmdi = DesperateChinese.vsmdi
		LocalTestRun.testrunconfig = LocalTestRun.testrunconfig
	EndProjectSection
EndProject
Global
	GlobalSection(TestCaseManagementSettings) = postSolution
		CategoryFile = DesperateChinese.vsmdi
	EndGlobalSection
	GlobalSection(SolutionConfigurationPlatforms) = preSolution
		Debug|Any CPU = Debug|Any CPU
		Release|Any CPU = Release|Any CPU
	EndGlobalSection
	GlobalSection(ProjectConfigurationPlatforms) = postSolution
		{3793BE85-552F-4D08-B54B-99C7A02E5CE5}.Debug|Any CPU.ActiveCfg = Debug|Any CPU
		{3793BE85-552F-4D08-B54B-99C7A02E5CE5}.Debug|Any CPU.Build.0 = Debug|Any CPU
		{3793BE85-552F-4D08-B54B-99C7A02E5CE5}.Release|Any CPU.ActiveCfg = Release|Any CPU
		{3793BE85-552F-4D08-B54B-99C7A02E5CE5}.Release|Any CPU.Build.0 = Release|Any CPU
		{EFF416D3-0A96-4D81-8547-EDB439583599}.Debug|Any CPU.ActiveCfg = Debug|Any CPU
		{EFF416D3-0A96-4D81-8547-EDB439583599}.Debug|Any CPU.Build.0 = Debug|Any CPU
		{EFF416D3-0A96-4D81-8547-EDB439583599}.Release|Any CPU.ActiveCfg = Release|Any CPU
		{EFF416D3-0A96-4D81-8547-EDB439583599}.Release|Any CPU.Build.0 = Release|Any CPU
	EndGlobalSection
	GlobalSection(SolutionProperties) = preSolution
		HideSolutionNode = FALSE
	EndGlobalSection
EndGlobal
